// !$*UTF8*$!
{
	archiveVersion = 1;
	classes = {
	};
	objectVersion = 55;
	objects = {

/* Begin PBXBuildFile section */
		3DF61AA927B486B80017F171 /* SwiftUI_MVCApp.swift in Sources */ = {isa = PBXBuildFile; fileRef = 3DF61AA827B486B80017F171 /* SwiftUI_MVCApp.swift */; };
		3DF61AAB27B486B80017F171 /* ContentView.swift in Sources */ = {isa = PBXBuildFile; fileRef = 3DF61AAA27B486B80017F171 /* ContentView.swift */; };
		3DF61AAD27B486B90017F171 /* Assets.xcassets in Resources */ = {isa = PBXBuildFile; fileRef = 3DF61AAC27B486B90017F171 /* Assets.xcassets */; };
		3DF61AB027B486B90017F171 /* Preview Assets.xcassets in Resources */ = {isa = PBXBuildFile; fileRef = 3DF61AAF27B486B90017F171 /* Preview Assets.xcassets */; };
		3DF61ABE27B48B830017F171 /* GithubSearchRepositoriesResponse.swift in Sources */ = {isa = PBXBuildFile; fileRef = 3DF61ABD27B48B830017F171 /* GithubSearchRepositoriesResponse.swift */; };
		3DF61AC027B48D180017F171 /* GithubRepositorySearchModel.swift in Sources */ = {isa = PBXBuildFile; fileRef = 3DF61ABF27B48D180017F171 /* GithubRepositorySearchModel.swift */; };
		3DF61AC227B48ECD0017F171 /* GithubSearchRepositoriesAPI.swift in Sources */ = {isa = PBXBuildFile; fileRef = 3DF61AC127B48ECD0017F171 /* GithubSearchRepositoriesAPI.swift */; };
		3DF61AC627B494730017F171 /* APIClient.swift in Sources */ = {isa = PBXBuildFile; fileRef = 3DF61AC527B494730017F171 /* APIClient.swift */; };
/* End PBXBuildFile section */

/* Begin PBXFileReference section */
		3DF61AA527B486B80017F171 /* SwiftUI-MVC.app */ = {isa = PBXFileReference; explicitFileType = wrapper.application; includeInIndex = 0; path = "SwiftUI-MVC.app"; sourceTree = BUILT_PRODUCTS_DIR; };
		3DF61AA827B486B80017F171 /* SwiftUI_MVCApp.swift */ = {isa = PBXFileReference; lastKnownFileType = sourcecode.swift; path = SwiftUI_MVCApp.swift; sourceTree = "<group>"; };
		3DF61AAA27B486B80017F171 /* ContentView.swift */ = {isa = PBXFileReference; lastKnownFileType = sourcecode.swift; path = ContentView.swift; sourceTree = "<group>"; };
		3DF61AAC27B486B90017F171 /* Assets.xcassets */ = {isa = PBXFileReference; lastKnownFileType = folder.assetcatalog; path = Assets.xcassets; sourceTree = "<group>"; };
		3DF61AAF27B486B90017F171 /* Preview Assets.xcassets */ = {isa = PBXFileReference; lastKnownFileType = folder.assetcatalog; path = "Preview Assets.xcassets"; sourceTree = "<group>"; };
		3DF61ABD27B48B830017F171 /* GithubSearchRepositoriesResponse.swift */ = {isa = PBXFileReference; lastKnownFileType = sourcecode.swift; path = GithubSearchRepositoriesResponse.swift; sourceTree = "<group>"; };
		3DF61ABF27B48D180017F171 /* GithubRepositorySearchModel.swift */ = {isa = PBXFileReference; lastKnownFileType = sourcecode.swift; path = GithubRepositorySearchModel.swift; sourceTree = "<group>"; };
		3DF61AC127B48ECD0017F171 /* GithubSearchRepositoriesAPI.swift */ = {isa = PBXFileReference; lastKnownFileType = sourcecode.swift; path = GithubSearchRepositoriesAPI.swift; sourceTree = "<group>"; };
		3DF61AC527B494730017F171 /* APIClient.swift */ = {isa = PBXFileReference; lastKnownFileType = sourcecode.swift; path = APIClient.swift; sourceTree = "<group>"; };
/* End PBXFileReference section */

/* Begin PBXFrameworksBuildPhase section */
		3DF61AA227B486B80017F171 /* Frameworks */ = {
			isa = PBXFrameworksBuildPhase;
			buildActionMask = 2147483647;
			files = (
			);
			runOnlyForDeploymentPostprocessing = 0;
		};
/* End PBXFrameworksBuildPhase section */

/* Begin PBXGroup section */
		3DF61A9C27B486B80017F171 = {
			isa = PBXGroup;
			children = (
				3DF61AA727B486B80017F171 /* Source */,
				3DF61AA627B486B80017F171 /* Products */,
			);
			sourceTree = "<group>";
		};
		3DF61AA627B486B80017F171 /* Products */ = {
			isa = PBXGroup;
			children = (
				3DF61AA527B486B80017F171 /* SwiftUI-MVC.app */,
			);
			name = Products;
			sourceTree = "<group>";
		};
		3DF61AA727B486B80017F171 /* Source */ = {
			isa = PBXGroup;
			children = (
				3DF61ABA27B489870017F171 /* Models */,
				3DF61AA827B486B80017F171 /* SwiftUI_MVCApp.swift */,
				3DF61AAA27B486B80017F171 /* ContentView.swift */,
				3DF61AAC27B486B90017F171 /* Assets.xcassets */,
				3DF61AAE27B486B90017F171 /* Preview Content */,
			);
			path = Source;
			sourceTree = "<group>";
		};
		3DF61AAE27B486B90017F171 /* Preview Content */ = {
			isa = PBXGroup;
			children = (
				3DF61AAF27B486B90017F171 /* Preview Assets.xcassets */,
			);
			path = "Preview Content";
			sourceTree = "<group>";
		};
		3DF61ABA27B489870017F171 /* Models */ = {
			isa = PBXGroup;
			children = (
				3DF61ABD27B48B830017F171 /* GithubSearchRepositoriesResponse.swift */,
				3DF61ABF27B48D180017F171 /* GithubRepositorySearchModel.swift */,
				3DF61AC127B48ECD0017F171 /* GithubSearchRepositoriesAPI.swift */,
				3DF61AC527B494730017F171 /* APIClient.swift */,
			);
			path = Models;
			sourceTree = "<group>";
		};
/* End PBXGroup section */

/* Begin PBXNativeTarget section */
		3DF61AA427B486B80017F171 /* SwiftUI-MVC */ = {
			isa = PBXNativeTarget;
			buildConfigurationList = 3DF61AB327B486B90017F171 /* Build configuration list for PBXNativeTarget "SwiftUI-MVC" */;
			buildPhases = (
				3DF61AA127B486B80017F171 /* Sources */,
				3DF61AA227B486B80017F171 /* Frameworks */,
				3DF61AA327B486B80017F171 /* Resources */,
			);
			buildRules = (
			);
			dependencies = (
			);
			name = "SwiftUI-MVC";
			productName = "SwiftUI-MVC";
			productReference = 3DF61AA527B486B80017F171 /* SwiftUI-MVC.app */;
			productType = "com.apple.product-type.application";
		};
/* End PBXNativeTarget section */

/* Begin PBXProject section */
		3DF61A9D27B486B80017F171 /* Project object */ = {
			isa = PBXProject;
			attributes = {
				BuildIndependentTargetsInParallel = 1;
				LastSwiftUpdateCheck = 1310;
				LastUpgradeCheck = 1310;
				TargetAttributes = {
					3DF61AA427B486B80017F171 = {
						CreatedOnToolsVersion = 13.1;
					};
				};
			};
			buildConfigurationList = 3DF61AA027B486B80017F171 /* Build configuration list for PBXProject "SwiftUI-MVC" */;
			compatibilityVersion = "Xcode 13.0";
			developmentRegion = en;
			hasScannedForEncodings = 0;
			knownRegions = (
				en,
				Base,
			);
			mainGroup = 3DF61A9C27B486B80017F171;
			productRefGroup = 3DF61AA627B486B80017F171 /* Products */;
			projectDirPath = "";
			projectRoot = "";
			targets = (
				3DF61AA427B486B80017F171 /* SwiftUI-MVC */,
			);
		};
/* End PBXProject section */

/* Begin PBXResourcesBuildPhase section */
		3DF61AA327B486B80017F171 /* Resources */ = {
			isa = PBXResourcesBuildPhase;
			buildActionMask = 2147483647;
			files = (
				3DF61AB027B486B90017F171 /* Preview Assets.xcassets in Resources */,
				3DF61AAD27B486B90017F171 /* Assets.xcassets in Resources */,
			);
			runOnlyForDeploymentPostprocessing = 0;
		};
/* End PBXResourcesBuildPhase section */

/* Begin PBXSourcesBuildPhase section */
		3DF61AA127B486B80017F171 /* Sources */ = {
			isa = PBXSourcesBuildPhase;
			buildActionMask = 2147483647;
			files = (
				3DF61AC227B48ECD0017F171 /* GithubSearchRepositoriesAPI.swift in Sources */,
				3DF61AAB27B486B80017F171 /* ContentView.swift in Sources */,
				3DF61ABE27B48B830017F171 /* GithubSearchRepositoriesResponse.swift in Sources */,
				3DF61AC027B48D180017F171 /* GithubRepositorySearchModel.swift in Sources */,
				3DF61AA927B486B80017F171 /* SwiftUI_MVCApp.swift in Sources */,
				3DF61AC627B494730017F171 /* APIClient.swift in Sources */,
			);
			runOnlyForDeploymentPostprocessing = 0;
		};
/* End PBXSourcesBuildPhase section */

/* Begin XCBuildConfiguration section */
		3DF61AB127B486B90017F171 /* Debug */ = {
			isa = XCBuildConfiguration;
			buildSettings = {
				ALWAYS_SEARCH_USER_PATHS = NO;
				CLANG_ANALYZER_NONNULL = YES;
				CLANG_ANALYZER_NUMBER_OBJECT_CONVERSION = YES_AGGRESSIVE;
				CLANG_CXX_LANGUAGE_STANDARD = "gnu++17";
				CLANG_CXX_LIBRARY = "libc++";
				CLANG_ENABLE_MODULES = YES;
				CLANG_ENABLE_OBJC_ARC = YES;
				CLANG_ENABLE_OBJC_WEAK = YES;
				CLANG_WARN_BLOCK_CAPTURE_AUTORELEASING = YES;
				CLANG_WARN_BOOL_CONVERSION = YES;
				CLANG_WARN_COMMA = YES;
				CLANG_WARN_CONSTANT_CONVERSION = YES;
				CLANG_WARN_DEPRECATED_OBJC_IMPLEMENTATIONS = YES;
				CLANG_WARN_DIRECT_OBJC_ISA_USAGE = YES_ERROR;
				CLANG_WARN_DOCUMENTATION_COMMENTS = YES;
				CLANG_WARN_EMPTY_BODY = YES;
				CLANG_WARN_ENUM_CONVERSION = YES;
				CLANG_WARN_INFINITE_RECURSION = YES;
				CLANG_WARN_INT_CONVERSION = YES;
				CLANG_WARN_NON_LITERAL_NULL_CONVERSION = YES;
				CLANG_WARN_OBJC_IMPLICIT_RETAIN_SELF = YES;
				CLANG_WARN_OBJC_LITERAL_CONVERSION = YES;
				CLANG_WARN_OBJC_ROOT_CLASS = YES_ERROR;
				CLANG_WARN_QUOTED_INCLUDE_IN_FRAMEWORK_HEADER = YES;
				CLANG_WARN_RANGE_LOOP_ANALYSIS = YES;
				CLANG_WARN_STRICT_PROTOTYPES = YES;
				CLANG_WARN_SUSPICIOUS_MOVE = YES;
				CLANG_WARN_UNGUARDED_AVAILABILITY = YES_AGGRESSIVE;
				CLANG_WARN_UNREACHABLE_CODE = YES;
				CLANG_WARN__DUPLICATE_METHOD_MATCH = YES;
				COPY_PHASE_STRIP = NO;
				DEBUG_INFORMATION_FORMAT = dwarf;
				ENABLE_STRICT_OBJC_MSGSEND = YES;
				ENABLE_TESTABILITY = YES;
				GCC_C_LANGUAGE_STANDARD = gnu11;
				GCC_DYNAMIC_NO_PIC = NO;
				GCC_NO_COMMON_BLOCKS = YES;
				GCC_OPTIMIZATION_LEVEL = 0;
				GCC_PREPROCESSOR_DEFINITIONS = (
					"DEBUG=1",
					"$(inherited)",
				);
				GCC_WARN_64_TO_32_BIT_CONVERSION = YES;
				GCC_WARN_ABOUT_RETURN_TYPE = YES_ERROR;
				GCC_WARN_UNDECLARED_SELECTOR = YES;
				GCC_WARN_UNINITIALIZED_AUTOS = YES_AGGRESSIVE;
				GCC_WARN_UNUSED_FUNCTION = YES;
				GCC_WARN_UNUSED_VARIABLE = YES;
				IPHONEOS_DEPLOYMENT_TARGET = 15.0;
				MTL_ENABLE_DEBUG_INFO = INCLUDE_SOURCE;
				MTL_FAST_MATH = YES;
				ONLY_ACTIVE_ARCH = YES;
				SDKROOT = iphoneos;
				SWIFT_ACTIVE_COMPILATION_CONDITIONS = DEBUG;
				SWIFT_OPTIMIZATION_LEVEL = "-Onone";
			};
			name = Debug;
		};
		3DF61AB227B486B90017F171 /* Release */ = {
			isa = XCBuildConfiguration;
			buildSettings = {
				ALWAYS_SEARCH_USER_PATHS = NO;
				CLANG_ANALYZER_NONNULL = YES;
				CLANG_ANALYZER_NUMBER_OBJECT_CONVERSION = YES_AGGRESSIVE;
				CLANG_CXX_LANGUAGE_STANDARD = "gnu++17";
				CLANG_CXX_LIBRARY = "libc++";
				CLANG_ENABLE_MODULES = YES;
				CLANG_ENABLE_OBJC_ARC = YES;
				CLANG_ENABLE_OBJC_WEAK = YES;
				CLANG_WARN_BLOCK_CAPTURE_AUTORELEASING = YES;
				CLANG_WARN_BOOL_CONVERSION = YES;
				CLANG_WARN_COMMA = YES;
				CLANG_WARN_CONSTANT_CONVERSION = YES;
				CLANG_WARN_DEPRECATED_OBJC_IMPLEMENTATIONS = YES;
				CLANG_WARN_DIRECT_OBJC_ISA_USAGE = YES_ERROR;
				CLANG_WARN_DOCUMENTATION_COMMENTS = YES;
				CLANG_WARN_EMPTY_BODY = YES;
				CLANG_WARN_ENUM_CONVERSION = YES;
				CLANG_WARN_INFINITE_RECURSION = YES;
				CLANG_WARN_INT_CONVERSION = YES;
				CLANG_WARN_NON_LITERAL_NULL_CONVERSION = YES;
				CLANG_WARN_OBJC_IMPLICIT_RETAIN_SELF = YES;
				CLANG_WARN_OBJC_LITERAL_CONVERSION = YES;
				CLANG_WARN_OBJC_ROOT_CLASS = YES_ERROR;
				CLANG_WARN_QUOTED_INCLUDE_IN_FRAMEWORK_HEADER = YES;
				CLANG_WARN_RANGE_LOOP_ANALYSIS = YES;
				CLANG_WARN_STRICT_PROTOTYPES = YES;
				CLANG_WARN_SUSPICIOUS_MOVE = YES;
				CLANG_WARN_UNGUARDED_AVAILABILITY = YES_AGGRESSIVE;
				CLANG_WARN_UNREACHABLE_CODE = YES;
				CLANG_WARN__DUPLICATE_METHOD_MATCH = YES;
				COPY_PHASE_STRIP = NO;
				DEBUG_INFORMATION_FORMAT = "dwarf-with-dsym";
				ENABLE_NS_ASSERTIONS = NO;
				ENABLE_STRICT_OBJC_MSGSEND = YES;
				GCC_C_LANGUAGE_STANDARD = gnu11;
				GCC_NO_COMMON_BLOCKS = YES;
				GCC_WARN_64_TO_32_BIT_CONVERSION = YES;
				GCC_WARN_ABOUT_RETURN_TYPE = YES_ERROR;
				GCC_WARN_UNDECLARED_SELECTOR = YES;
				GCC_WARN_UNINITIALIZED_AUTOS = YES_AGGRESSIVE;
				GCC_WARN_UNUSED_FUNCTION = YES;
				GCC_WARN_UNUSED_VARIABLE = YES;
				IPHONEOS_DEPLOYMENT_TARGET = 15.0;
				MTL_ENABLE_DEBUG_INFO = NO;
				MTL_FAST_MATH = YES;
				SDKROOT = iphoneos;
				SWIFT_COMPILATION_MODE = wholemodule;
				SWIFT_OPTIMIZATION_LEVEL = "-O";
				VALIDATE_PRODUCT = YES;
			};
			name = Release;
		};
		3DF61AB427B486B90017F171 /* Debug */ = {
			isa = XCBuildConfiguration;
			buildSettings = {
				ASSETCATALOG_COMPILER_APPICON_NAME = AppIcon;
				ASSETCATALOG_COMPILER_GLOBAL_ACCENT_COLOR_NAME = AccentColor;
				CODE_SIGN_STYLE = Automatic;
				CURRENT_PROJECT_VERSION = 1;
				DEVELOPMENT_ASSET_PATHS = "\"SwiftUI-MVC/Preview Content\"";
				DEVELOPMENT_TEAM = AR55L9MQ35;
				ENABLE_PREVIEWS = YES;
				GENERATE_INFOPLIST_FILE = YES;
				INFOPLIST_KEY_UIApplicationSceneManifest_Generation = YES;
				INFOPLIST_KEY_UIApplicationSupportsIndirectInputEvents = YES;
				INFOPLIST_KEY_UILaunchScreen_Generation = YES;
				INFOPLIST_KEY_UISupportedInterfaceOrientations_iPad = "UIInterfaceOrientationPortrait UIInterfaceOrientationPortraitUpsideDown UIInterfaceOrientationLandscapeLeft UIInterfaceOrientationLandscapeRight";
				INFOPLIST_KEY_UISupportedInterfaceOrientations_iPhone = "UIInterfaceOrientationPortrait UIInterfaceOrientationLandscapeLeft UIInterfaceOrientationLandscapeRight";
				LD_RUNPATH_SEARCH_PATHS = (
					"$(inherited)",
					"@executable_path/Frameworks",
				);
				MARKETING_VERSION = 1.0;
				PRODUCT_BUNDLE_IDENTIFIER = "nwatabou.SwiftUI-MVC";
				PRODUCT_NAME = "$(TARGET_NAME)";
				SWIFT_EMIT_LOC_STRINGS = YES;
				SWIFT_VERSION = 5.0;
				TARGETED_DEVICE_FAMILY = "1,2";
			};
			name = Debug;
		};
		3DF61AB527B486B90017F171 /* Release */ = {
			isa = XCBuildConfiguration;
			buildSettings = {
				ASSETCATALOG_COMPILER_APPICON_NAME = AppIcon;
				ASSETCATALOG_COMPILER_GLOBAL_ACCENT_COLOR_NAME = AccentColor;
				CODE_SIGN_STYLE = Automatic;
				CURRENT_PROJECT_VERSION = 1;
				DEVELOPMENT_ASSET_PATHS = "\"SwiftUI-MVC/Preview Content\"";
				DEVELOPMENT_TEAM = AR55L9MQ35;
				ENABLE_PREVIEWS = YES;
				GENERATE_INFOPLIST_FILE = YES;
				INFOPLIST_KEY_UIApplicationSceneManifest_Generation = YES;
				INFOPLIST_KEY_UIApplicationSupportsIndirectInputEvents = YES;
				INFOPLIST_KEY_UILaunchScreen_Generation = YES;
				INFOPLIST_KEY_UISupportedInterfaceOrientations_iPad = "UIInterfaceOrientationPortrait UIInterfaceOrientationPortraitUpsideDown UIInterfaceOrientationLandscapeLeft UIInterfaceOrientationLandscapeRight";
				INFOPLIST_KEY_UISupportedInterfaceOrientations_iPhone = "UIInterfaceOrientationPortrait UIInterfaceOrientationLandscapeLeft UIInterfaceOrientationLandscapeRight";
				LD_RUNPATH_SEARCH_PATHS = (
					"$(inherited)",
					"@executable_path/Frameworks",
				);
				MARKETING_VERSION = 1.0;
				PRODUCT_BUNDLE_IDENTIFIER = "nwatabou.SwiftUI-MVC";
				PRODUCT_NAME = "$(TARGET_NAME)";
				SWIFT_EMIT_LOC_STRINGS = YES;
				SWIFT_VERSION = 5.0;
				TARGETED_DEVICE_FAMILY = "1,2";
			};
			name = Release;
		};
/* End XCBuildConfiguration section */

/* Begin XCConfigurationList section */
		3DF61AA027B486B80017F171 /* Build configuration list for PBXProject "SwiftUI-MVC" */ = {
			isa = XCConfigurationList;
			buildConfigurations = (
				3DF61AB127B486B90017F171 /* Debug */,
				3DF61AB227B486B90017F171 /* Release */,
			);
			defaultConfigurationIsVisible = 0;
			defaultConfigurationName = Release;
		};
		3DF61AB327B486B90017F171 /* Build configuration list for PBXNativeTarget "SwiftUI-MVC" */ = {
			isa = XCConfigurationList;
			buildConfigurations = (
				3DF61AB427B486B90017F171 /* Debug */,
				3DF61AB527B486B90017F171 /* Release */,
			);
			defaultConfigurationIsVisible = 0;
			defaultConfigurationName = Release;
		};
/* End XCConfigurationList section */
	};
	rootObject = 3DF61A9D27B486B80017F171 /* Project object */;
}
